
Microsoft Visual Studio Solution File, Format Version 12.00
# Visual Studio Version 16
VisualStudioVersion = 16.0.809.4
MinimumVisualStudioVersion = 10.0.40219.1
Project("{FAE04EC0-301F-11D3-BF4B-00C04F79EFBC}") = "AnimalAPI", "AnimalAPI\AnimalAPI.csproj", "{6E210DAE-0754-4E13-BE92-B2465B8F1A10}"
EndProject
Global
	GlobalSection(SolutionConfigurationPlatforms) = preSolution
		Debug|Any CPU = Debug|Any CPU
		Release|Any CPU = Release|Any CPU
	EndGlobalSection
	GlobalSection(ProjectConfigurationPlatforms) = postSolution
		{6E210DAE-0754-4E13-BE92-B2465B8F1A10}.Debug|Any CPU.ActiveCfg = Debug|Any CPU
		{6E210DAE-0754-4E13-BE92-B2465B8F1A10}.Debug|Any CPU.Build.0 = Debug|Any CPU
		{6E210DAE-0754-4E13-BE92-B2465B8F1A10}.Release|Any CPU.ActiveCfg = Release|Any CPU
		{6E210DAE-0754-4E13-BE92-B2465B8F1A10}.Release|Any CPU.Build.0 = Release|Any CPU
	EndGlobalSection
	GlobalSection(SolutionProperties) = preSolution
		HideSolutionNode = FALSE
	EndGlobalSection
	GlobalSection(ExtensibilityGlobals) = postSolution
		SolutionGuid = {09DE6E52-2002-41F7-885B-96DD92DF08C1}
	EndGlobalSection
EndGlobal
